
Microsoft Visual Studio Solution File, Format Version 12.00
# Visual Studio 14
VisualStudioVersion = 14.0.25123.0
MinimumVisualStudioVersion = 10.0.40219.1
Project("{8BC9CEB8-8B4A-11D0-8D11-00A0C91BC942}") = "Graphics", "Graphics.vcxproj", "{33332BF2-7B29-4F16-AD24-D3CECE00552E}"
EndProject
Project("{8BC9CEB8-8B4A-11D0-8D11-00A0C91BC942}") = "[01] -HelloTriangle", "tests\[01] -HelloTriangle\[01] -HelloTriangle.vcxproj", "{5E2D5DFB-D70C-4DE3-A993-D4DAEDD2F06C}"
	ProjectSection(ProjectDependencies) = postProject
		{33332BF2-7B29-4F16-AD24-D3CECE00552E} = {33332BF2-7B29-4F16-AD24-D3CECE00552E}
	EndProjectSection
EndProject
Project("{8BC9CEB8-8B4A-11D0-8D11-00A0C91BC942}") = "02-UniTex", "tests\02-UniTex\02-UniTex.vcxproj", "{51177283-2BE0-42E5-9ABD-399E1FCF94F1}"
	ProjectSection(ProjectDependencies) = postProject
		{33332BF2-7B29-4F16-AD24-D3CECE00552E} = {33332BF2-7B29-4F16-AD24-D3CECE00552E}
		{5E2D5DFB-D70C-4DE3-A993-D4DAEDD2F06C} = {5E2D5DFB-D70C-4DE3-A993-D4DAEDD2F06C}
	EndProjectSection
EndProject
Project("{8BC9CEB8-8B4A-11D0-8D11-00A0C91BC942}") = "03-tdraw", "tests\03-tdraw\03-tdraw.vcxproj", "{1728E541-5F35-4079-BFAE-EF9CD1B6436D}"
	ProjectSection(ProjectDependencies) = postProject
		{33332BF2-7B29-4F16-AD24-D3CECE00552E} = {33332BF2-7B29-4F16-AD24-D3CECE00552E}
	EndProjectSection
EndProject
Project("{8BC9CEB8-8B4A-11D0-8D11-00A0C91BC942}") = "04-fromdisk", "tests\04-fromdisk\04-fromdisk.vcxproj", "{2AFC9D9D-3605-4E23-84A9-71880DC07CF6}"
	ProjectSection(ProjectDependencies) = postProject
		{33332BF2-7B29-4F16-AD24-D3CECE00552E} = {33332BF2-7B29-4F16-AD24-D3CECE00552E}
	EndProjectSection
EndProject
Project("{8BC9CEB8-8B4A-11D0-8D11-00A0C91BC942}") = "Shaders", "resources\Shaders\Shaders.vcxproj", "{A975EFCC-B5FB-4D98-BAC6-7AF16E2A7195}"
EndProject
Project("{8BC9CEB8-8B4A-11D0-8D11-00A0C91BC942}") = "05-MVP", "tests\05-MVP\05-MVP.vcxproj", "{7159B86C-FC9B-47D9-9C6B-59EA450DDB73}"
	ProjectSection(ProjectDependencies) = postProject
		{33332BF2-7B29-4F16-AD24-D3CECE00552E} = {33332BF2-7B29-4F16-AD24-D3CECE00552E}
	EndProjectSection
EndProject
Project("{8BC9CEB8-8B4A-11D0-8D11-00A0C91BC942}") = "06-Lights", "tests\06-Lights\06-Lights.vcxproj", "{8ADDFCD8-B959-4E77-B1E0-FBECB7C6494E}"
	ProjectSection(ProjectDependencies) = postProject
		{33332BF2-7B29-4F16-AD24-D3CECE00552E} = {33332BF2-7B29-4F16-AD24-D3CECE00552E}
	EndProjectSection
EndProject
Project("{8BC9CEB8-8B4A-11D0-8D11-00A0C91BC942}") = "07-Materials", "tests\07-Materials\07-Materials.vcxproj", "{D035B9C4-728D-4F45-B5C7-A807AB300B69}"
	ProjectSection(ProjectDependencies) = postProject
		{33332BF2-7B29-4F16-AD24-D3CECE00552E} = {33332BF2-7B29-4F16-AD24-D3CECE00552E}
	EndProjectSection
EndProject
Project("{8BC9CEB8-8B4A-11D0-8D11-00A0C91BC942}") = "09-Shadows", "tests\09-Shadows\09-Shadows.vcxproj", "{11CAF39B-D605-4981-AEB3-3913F411C15A}"
	ProjectSection(ProjectDependencies) = postProject
		{33332BF2-7B29-4F16-AD24-D3CECE00552E} = {33332BF2-7B29-4F16-AD24-D3CECE00552E}
	EndProjectSection
EndProject
Project("{8BC9CEB8-8B4A-11D0-8D11-00A0C91BC942}") = "10-differed", "tests\10-differed\10-differed.vcxproj", "{F46FDD20-8796-4A25-97B9-AAD910B6A1E6}"
	ProjectSection(ProjectDependencies) = postProject
		{33332BF2-7B29-4F16-AD24-D3CECE00552E} = {33332BF2-7B29-4F16-AD24-D3CECE00552E}
	EndProjectSection
EndProject
Project("{8BC9CEB8-8B4A-11D0-8D11-00A0C91BC942}") = "Assesment", "tests\Assesment\Assesment.vcxproj", "{6A56D47D-D483-47E9-B750-E8BAEB174F6C}"
	ProjectSection(ProjectDependencies) = postProject
		{33332BF2-7B29-4F16-AD24-D3CECE00552E} = {33332BF2-7B29-4F16-AD24-D3CECE00552E}
	EndProjectSection
EndProject
Global
	GlobalSection(SolutionConfigurationPlatforms) = preSolution
		Debug|x64 = Debug|x64
		Debug|x86 = Debug|x86
		Release|x64 = Release|x64
		Release|x86 = Release|x86
	EndGlobalSection
	GlobalSection(ProjectConfigurationPlatforms) = postSolution
		{33332BF2-7B29-4F16-AD24-D3CECE00552E}.Debug|x64.ActiveCfg = Debug|x64
		{33332BF2-7B29-4F16-AD24-D3CECE00552E}.Debug|x64.Build.0 = Debug|x64
		{33332BF2-7B29-4F16-AD24-D3CECE00552E}.Debug|x86.ActiveCfg = Debug|Win32
		{33332BF2-7B29-4F16-AD24-D3CECE00552E}.Debug|x86.Build.0 = Debug|Win32
		{33332BF2-7B29-4F16-AD24-D3CECE00552E}.Release|x64.ActiveCfg = Release|x64
		{33332BF2-7B29-4F16-AD24-D3CECE00552E}.Release|x64.Build.0 = Release|x64
		{33332BF2-7B29-4F16-AD24-D3CECE00552E}.Release|x86.ActiveCfg = Release|Win32
		{33332BF2-7B29-4F16-AD24-D3CECE00552E}.Release|x86.Build.0 = Release|Win32
		{5E2D5DFB-D70C-4DE3-A993-D4DAEDD2F06C}.Debug|x64.ActiveCfg = Debug|x64
		{5E2D5DFB-D70C-4DE3-A993-D4DAEDD2F06C}.Debug|x64.Build.0 = Debug|x64
		{5E2D5DFB-D70C-4DE3-A993-D4DAEDD2F06C}.Debug|x86.ActiveCfg = Debug|Win32
		{5E2D5DFB-D70C-4DE3-A993-D4DAEDD2F06C}.Debug|x86.Build.0 = Debug|Win32
		{5E2D5DFB-D70C-4DE3-A993-D4DAEDD2F06C}.Release|x64.ActiveCfg = Release|x64
		{5E2D5DFB-D70C-4DE3-A993-D4DAEDD2F06C}.Release|x64.Build.0 = Release|x64
		{5E2D5DFB-D70C-4DE3-A993-D4DAEDD2F06C}.Release|x86.ActiveCfg = Release|Win32
		{5E2D5DFB-D70C-4DE3-A993-D4DAEDD2F06C}.Release|x86.Build.0 = Release|Win32
		{51177283-2BE0-42E5-9ABD-399E1FCF94F1}.Debug|x64.ActiveCfg = Debug|x64
		{51177283-2BE0-42E5-9ABD-399E1FCF94F1}.Debug|x64.Build.0 = Debug|x64
		{51177283-2BE0-42E5-9ABD-399E1FCF94F1}.Debug|x86.ActiveCfg = Debug|Win32
		{51177283-2BE0-42E5-9ABD-399E1FCF94F1}.Debug|x86.Build.0 = Debug|Win32
		{51177283-2BE0-42E5-9ABD-399E1FCF94F1}.Release|x64.ActiveCfg = Release|x64
		{51177283-2BE0-42E5-9ABD-399E1FCF94F1}.Release|x64.Build.0 = Release|x64
		{51177283-2BE0-42E5-9ABD-399E1FCF94F1}.Release|x86.ActiveCfg = Release|Win32
		{51177283-2BE0-42E5-9ABD-399E1FCF94F1}.Release|x86.Build.0 = Release|Win32
		{1728E541-5F35-4079-BFAE-EF9CD1B6436D}.Debug|x64.ActiveCfg = Debug|x64
		{1728E541-5F35-4079-BFAE-EF9CD1B6436D}.Debug|x64.Build.0 = Debug|x64
		{1728E541-5F35-4079-BFAE-EF9CD1B6436D}.Debug|x86.ActiveCfg = Debug|Win32
		{1728E541-5F35-4079-BFAE-EF9CD1B6436D}.Debug|x86.Build.0 = Debug|Win32
		{1728E541-5F35-4079-BFAE-EF9CD1B6436D}.Release|x64.ActiveCfg = Release|x64
		{1728E541-5F35-4079-BFAE-EF9CD1B6436D}.Release|x64.Build.0 = Release|x64
		{1728E541-5F35-4079-BFAE-EF9CD1B6436D}.Release|x86.ActiveCfg = Release|Win32
		{1728E541-5F35-4079-BFAE-EF9CD1B6436D}.Release|x86.Build.0 = Release|Win32
		{2AFC9D9D-3605-4E23-84A9-71880DC07CF6}.Debug|x64.ActiveCfg = Debug|x64
		{2AFC9D9D-3605-4E23-84A9-71880DC07CF6}.Debug|x64.Build.0 = Debug|x64
		{2AFC9D9D-3605-4E23-84A9-71880DC07CF6}.Debug|x86.ActiveCfg = Debug|Win32
		{2AFC9D9D-3605-4E23-84A9-71880DC07CF6}.Debug|x86.Build.0 = Debug|Win32
		{2AFC9D9D-3605-4E23-84A9-71880DC07CF6}.Release|x64.ActiveCfg = Release|x64
		{2AFC9D9D-3605-4E23-84A9-71880DC07CF6}.Release|x64.Build.0 = Release|x64
		{2AFC9D9D-3605-4E23-84A9-71880DC07CF6}.Release|x86.ActiveCfg = Release|Win32
		{2AFC9D9D-3605-4E23-84A9-71880DC07CF6}.Release|x86.Build.0 = Release|Win32
		{A975EFCC-B5FB-4D98-BAC6-7AF16E2A7195}.Debug|x64.ActiveCfg = Debug|x64
		{A975EFCC-B5FB-4D98-BAC6-7AF16E2A7195}.Debug|x64.Build.0 = Debug|x64
		{A975EFCC-B5FB-4D98-BAC6-7AF16E2A7195}.Debug|x86.ActiveCfg = Debug|Win32
		{A975EFCC-B5FB-4D98-BAC6-7AF16E2A7195}.Debug|x86.Build.0 = Debug|Win32
		{A975EFCC-B5FB-4D98-BAC6-7AF16E2A7195}.Release|x64.ActiveCfg = Release|x64
		{A975EFCC-B5FB-4D98-BAC6-7AF16E2A7195}.Release|x64.Build.0 = Release|x64
		{A975EFCC-B5FB-4D98-BAC6-7AF16E2A7195}.Release|x86.ActiveCfg = Release|Win32
		{A975EFCC-B5FB-4D98-BAC6-7AF16E2A7195}.Release|x86.Build.0 = Release|Win32
		{7159B86C-FC9B-47D9-9C6B-59EA450DDB73}.Debug|x64.ActiveCfg = Debug|x64
		{7159B86C-FC9B-47D9-9C6B-59EA450DDB73}.Debug|x64.Build.0 = Debug|x64
		{7159B86C-FC9B-47D9-9C6B-59EA450DDB73}.Debug|x86.ActiveCfg = Debug|Win32
		{7159B86C-FC9B-47D9-9C6B-59EA450DDB73}.Debug|x86.Build.0 = Debug|Win32
		{7159B86C-FC9B-47D9-9C6B-59EA450DDB73}.Release|x64.ActiveCfg = Release|x64
		{7159B86C-FC9B-47D9-9C6B-59EA450DDB73}.Release|x64.Build.0 = Release|x64
		{7159B86C-FC9B-47D9-9C6B-59EA450DDB73}.Release|x86.ActiveCfg = Release|Win32
		{7159B86C-FC9B-47D9-9C6B-59EA450DDB73}.Release|x86.Build.0 = Release|Win32
		{8ADDFCD8-B959-4E77-B1E0-FBECB7C6494E}.Debug|x64.ActiveCfg = Debug|x64
		{8ADDFCD8-B959-4E77-B1E0-FBECB7C6494E}.Debug|x64.Build.0 = Debug|x64
		{8ADDFCD8-B959-4E77-B1E0-FBECB7C6494E}.Debug|x86.ActiveCfg = Debug|Win32
		{8ADDFCD8-B959-4E77-B1E0-FBECB7C6494E}.Debug|x86.Build.0 = Debug|Win32
		{8ADDFCD8-B959-4E77-B1E0-FBECB7C6494E}.Release|x64.ActiveCfg = Release|x64
		{8ADDFCD8-B959-4E77-B1E0-FBECB7C6494E}.Release|x64.Build.0 = Release|x64
		{8ADDFCD8-B959-4E77-B1E0-FBECB7C6494E}.Release|x86.ActiveCfg = Release|Win32
		{8ADDFCD8-B959-4E77-B1E0-FBECB7C6494E}.Release|x86.Build.0 = Release|Win32
		{D035B9C4-728D-4F45-B5C7-A807AB300B69}.Debug|x64.ActiveCfg = Debug|x64
		{D035B9C4-728D-4F45-B5C7-A807AB300B69}.Debug|x64.Build.0 = Debug|x64
		{D035B9C4-728D-4F45-B5C7-A807AB300B69}.Debug|x86.ActiveCfg = Debug|Win32
		{D035B9C4-728D-4F45-B5C7-A807AB300B69}.Debug|x86.Build.0 = Debug|Win32
		{D035B9C4-728D-4F45-B5C7-A807AB300B69}.Release|x64.ActiveCfg = Release|x64
		{D035B9C4-728D-4F45-B5C7-A807AB300B69}.Release|x64.Build.0 = Release|x64
		{D035B9C4-728D-4F45-B5C7-A807AB300B69}.Release|x86.ActiveCfg = Release|Win32
		{D035B9C4-728D-4F45-B5C7-A807AB300B69}.Release|x86.Build.0 = Release|Win32
		{11CAF39B-D605-4981-AEB3-3913F411C15A}.Debug|x64.ActiveCfg = Debug|x64
		{11CAF39B-D605-4981-AEB3-3913F411C15A}.Debug|x64.Build.0 = Debug|x64
		{11CAF39B-D605-4981-AEB3-3913F411C15A}.Debug|x86.ActiveCfg = Debug|Win32
		{11CAF39B-D605-4981-AEB3-3913F411C15A}.Debug|x86.Build.0 = Debug|Win32
		{11CAF39B-D605-4981-AEB3-3913F411C15A}.Release|x64.ActiveCfg = Release|x64
		{11CAF39B-D605-4981-AEB3-3913F411C15A}.Release|x64.Build.0 = Release|x64
		{11CAF39B-D605-4981-AEB3-3913F411C15A}.Release|x86.ActiveCfg = Release|Win32
		{11CAF39B-D605-4981-AEB3-3913F411C15A}.Release|x86.Build.0 = Release|Win32
		{F46FDD20-8796-4A25-97B9-AAD910B6A1E6}.Debug|x64.ActiveCfg = Debug|x64
		{F46FDD20-8796-4A25-97B9-AAD910B6A1E6}.Debug|x64.Build.0 = Debug|x64
		{F46FDD20-8796-4A25-97B9-AAD910B6A1E6}.Debug|x86.ActiveCfg = Debug|Win32
		{F46FDD20-8796-4A25-97B9-AAD910B6A1E6}.Debug|x86.Build.0 = Debug|Win32
		{F46FDD20-8796-4A25-97B9-AAD910B6A1E6}.Release|x64.ActiveCfg = Release|x64
		{F46FDD20-8796-4A25-97B9-AAD910B6A1E6}.Release|x64.Build.0 = Release|x64
		{F46FDD20-8796-4A25-97B9-AAD910B6A1E6}.Release|x86.ActiveCfg = Release|Win32
		{F46FDD20-8796-4A25-97B9-AAD910B6A1E6}.Release|x86.Build.0 = Release|Win32
		{6A56D47D-D483-47E9-B750-E8BAEB174F6C}.Debug|x64.ActiveCfg = Debug|x64
		{6A56D47D-D483-47E9-B750-E8BAEB174F6C}.Debug|x64.Build.0 = Debug|x64
		{6A56D47D-D483-47E9-B750-E8BAEB174F6C}.Debug|x86.ActiveCfg = Debug|Win32
		{6A56D47D-D483-47E9-B750-E8BAEB174F6C}.Debug|x86.Build.0 = Debug|Win32
		{6A56D47D-D483-47E9-B750-E8BAEB174F6C}.Release|x64.ActiveCfg = Release|x64
		{6A56D47D-D483-47E9-B750-E8BAEB174F6C}.Release|x64.Build.0 = Release|x64
		{6A56D47D-D483-47E9-B750-E8BAEB174F6C}.Release|x86.ActiveCfg = Release|Win32
		{6A56D47D-D483-47E9-B750-E8BAEB174F6C}.Release|x86.Build.0 = Release|Win32
	EndGlobalSection
	GlobalSection(SolutionProperties) = preSolution
		HideSolutionNode = FALSE
	EndGlobalSection
EndGlobal
